
Microsoft Visual Studio Solution File, Format Version 12.00
# Visual Studio Version 17
VisualStudioVersion = 17.10.34916.146
MinimumVisualStudioVersion = 10.0.40219.1
Project("{FAE04EC0-301F-11D3-BF4B-00C04F79EFBC}") = "Malek_Attempt", "Malek_Attempt\Malek_Attempt.csproj", "{58303037-58E8-47CE-AA08-A853AA629D17}"
EndProject
Project("{FAE04EC0-301F-11D3-BF4B-00C04F79EFBC}") = "Malek_Attempt.BusinessLogicLayer", "Malek_Attempt.BusinessLogicLayer\Malek_Attempt.BusinessLogicLayer.csproj", "{C43F800A-63D3-4830-B7DB-07AD87364E68}"
EndProject
Project("{FAE04EC0-301F-11D3-BF4B-00C04F79EFBC}") = "Malek_Attempt.DataAccessLayer", "Malek_Attempt.DataAccessLayer\Malek_Attempt.DataAccessLayer.csproj", "{1CE75BEC-E9A7-46ED-9C95-1FBE6419CA4A}"
EndProject
Project("{FAE04EC0-301F-11D3-BF4B-00C04F79EFBC}") = "Malek_Attempt.Models", "Malek_Attempt.Models\Malek_Attempt.Models.csproj", "{4C1ECD66-5D8C-42A7-842E-4EB06180323D}"
EndProject
Global
	GlobalSection(SolutionConfigurationPlatforms) = preSolution
		Debug|Any CPU = Debug|Any CPU
		Release|Any CPU = Release|Any CPU
	EndGlobalSection
	GlobalSection(ProjectConfigurationPlatforms) = postSolution
		{58303037-58E8-47CE-AA08-A853AA629D17}.Debug|Any CPU.ActiveCfg = Debug|Any CPU
		{58303037-58E8-47CE-AA08-A853AA629D17}.Debug|Any CPU.Build.0 = Debug|Any CPU
		{58303037-58E8-47CE-AA08-A853AA629D17}.Release|Any CPU.ActiveCfg = Release|Any CPU
		{58303037-58E8-47CE-AA08-A853AA629D17}.Release|Any CPU.Build.0 = Release|Any CPU
		{C43F800A-63D3-4830-B7DB-07AD87364E68}.Debug|Any CPU.ActiveCfg = Debug|Any CPU
		{C43F800A-63D3-4830-B7DB-07AD87364E68}.Debug|Any CPU.Build.0 = Debug|Any CPU
		{C43F800A-63D3-4830-B7DB-07AD87364E68}.Release|Any CPU.ActiveCfg = Release|Any CPU
		{C43F800A-63D3-4830-B7DB-07AD87364E68}.Release|Any CPU.Build.0 = Release|Any CPU
		{1CE75BEC-E9A7-46ED-9C95-1FBE6419CA4A}.Debug|Any CPU.ActiveCfg = Debug|Any CPU
		{1CE75BEC-E9A7-46ED-9C95-1FBE6419CA4A}.Debug|Any CPU.Build.0 = Debug|Any CPU
		{1CE75BEC-E9A7-46ED-9C95-1FBE6419CA4A}.Release|Any CPU.ActiveCfg = Release|Any CPU
		{1CE75BEC-E9A7-46ED-9C95-1FBE6419CA4A}.Release|Any CPU.Build.0 = Release|Any CPU
		{4C1ECD66-5D8C-42A7-842E-4EB06180323D}.Debug|Any CPU.ActiveCfg = Debug|Any CPU
		{4C1ECD66-5D8C-42A7-842E-4EB06180323D}.Debug|Any CPU.Build.0 = Debug|Any CPU
		{4C1ECD66-5D8C-42A7-842E-4EB06180323D}.Release|Any CPU.ActiveCfg = Release|Any CPU
		{4C1ECD66-5D8C-42A7-842E-4EB06180323D}.Release|Any CPU.Build.0 = Release|Any CPU
	EndGlobalSection
	GlobalSection(SolutionProperties) = preSolution
		HideSolutionNode = FALSE
	EndGlobalSection
	GlobalSection(ExtensibilityGlobals) = postSolution
		SolutionGuid = {10C79222-805E-4AD1-8EB6-4DE74182393A}
	EndGlobalSection
EndGlobal
